
Microsoft Visual Studio Solution File, Format Version 12.00
# Visual Studio Version 17
VisualStudioVersion = 17.12.35707.178 d17.12
MinimumVisualStudioVersion = 10.0.40219.1
Project("{FAE04EC0-301F-11D3-BF4B-00C04F79EFBC}") = "Ejercicio 3", "Ejercicio 3\Ejercicio 3.csproj", "{4D512281-C8AD-454A-A516-E776E8C0DCFA}"
EndProject
Global
	GlobalSection(SolutionConfigurationPlatforms) = preSolution
		Debug|Any CPU = Debug|Any CPU
		Release|Any CPU = Release|Any CPU
	EndGlobalSection
	GlobalSection(ProjectConfigurationPlatforms) = postSolution
		{4D512281-C8AD-454A-A516-E776E8C0DCFA}.Debug|Any CPU.ActiveCfg = Debug|Any CPU
		{4D512281-C8AD-454A-A516-E776E8C0DCFA}.Debug|Any CPU.Build.0 = Debug|Any CPU
		{4D512281-C8AD-454A-A516-E776E8C0DCFA}.Release|Any CPU.ActiveCfg = Release|Any CPU
		{4D512281-C8AD-454A-A516-E776E8C0DCFA}.Release|Any CPU.Build.0 = Release|Any CPU
	EndGlobalSection
	GlobalSection(SolutionProperties) = preSolution
		HideSolutionNode = FALSE
	EndGlobalSection
EndGlobal
